
Microsoft Visual Studio Solution File, Format Version 12.00
# Visual Studio Version 17
VisualStudioVersion = 17.5.33424.131
MinimumVisualStudioVersion = 10.0.40219.1
Project("{9A19103F-16F7-4668-BE54-9A1E7A4F7556}") = "DeliVeggieService", "DeliVeggieService.csproj", "{638AAF3B-A701-438D-8BB8-356483FA54DF}"
EndProject
Project("{FAE04EC0-301F-11D3-BF4B-00C04F79EFBC}") = "DeliVeggieService.Logger", "..\DeliVeggieService.Logger\DeliVeggieService.Logger.csproj", "{BFD3B779-6D7B-4FC4-87A3-7D8235D208D4}"
EndProject
Project("{FAE04EC0-301F-11D3-BF4B-00C04F79EFBC}") = "DeliVeggieService.UnitTest", "..\DeliVeggieService.UnitTest\DeliVeggieService.UnitTest.csproj", "{BBE8FD34-7175-4B80-A011-08D6351DEAC3}"
EndProject
Global
	GlobalSection(SolutionConfigurationPlatforms) = preSolution
		Debug|Any CPU = Debug|Any CPU
		Release|Any CPU = Release|Any CPU
	EndGlobalSection
	GlobalSection(ProjectConfigurationPlatforms) = postSolution
		{638AAF3B-A701-438D-8BB8-356483FA54DF}.Debug|Any CPU.ActiveCfg = Debug|Any CPU
		{638AAF3B-A701-438D-8BB8-356483FA54DF}.Debug|Any CPU.Build.0 = Debug|Any CPU
		{638AAF3B-A701-438D-8BB8-356483FA54DF}.Release|Any CPU.ActiveCfg = Release|Any CPU
		{638AAF3B-A701-438D-8BB8-356483FA54DF}.Release|Any CPU.Build.0 = Release|Any CPU
		{BFD3B779-6D7B-4FC4-87A3-7D8235D208D4}.Debug|Any CPU.ActiveCfg = Debug|Any CPU
		{BFD3B779-6D7B-4FC4-87A3-7D8235D208D4}.Debug|Any CPU.Build.0 = Debug|Any CPU
		{BFD3B779-6D7B-4FC4-87A3-7D8235D208D4}.Release|Any CPU.ActiveCfg = Release|Any CPU
		{BFD3B779-6D7B-4FC4-87A3-7D8235D208D4}.Release|Any CPU.Build.0 = Release|Any CPU
		{BBE8FD34-7175-4B80-A011-08D6351DEAC3}.Debug|Any CPU.ActiveCfg = Debug|Any CPU
		{BBE8FD34-7175-4B80-A011-08D6351DEAC3}.Debug|Any CPU.Build.0 = Debug|Any CPU
		{BBE8FD34-7175-4B80-A011-08D6351DEAC3}.Release|Any CPU.ActiveCfg = Release|Any CPU
		{BBE8FD34-7175-4B80-A011-08D6351DEAC3}.Release|Any CPU.Build.0 = Release|Any CPU
	EndGlobalSection
	GlobalSection(SolutionProperties) = preSolution
		HideSolutionNode = FALSE
	EndGlobalSection
	GlobalSection(ExtensibilityGlobals) = postSolution
		SolutionGuid = {313F34BB-2189-40B4-81B5-14E6E16C75D9}
	EndGlobalSection
EndGlobal
